
Microsoft Visual Studio Solution File, Format Version 12.00
# Visual Studio Version 16
VisualStudioVersion = 16.0.30204.135
MinimumVisualStudioVersion = 15.0.26124.0
Project("{9A19103F-16F7-4668-BE54-9A1E7A4F7556}") = "UsersMicroservice", "UsersMicroservice\UsersMicroservice.csproj", "{11F228C9-E3FD-4704-8DCF-54A92991E3DA}"
EndProject
Project("{9A19103F-16F7-4668-BE54-9A1E7A4F7556}") = "UsersMicroservice.Tests", "UsersMicroservice.Tests\UsersMicroservice.Tests.csproj", "{623DD5D0-EC0B-4F9B-9D25-4077AB3F08F2}"
EndProject
Global
	GlobalSection(SolutionConfigurationPlatforms) = preSolution
		Debug|Any CPU = Debug|Any CPU
		Debug|x64 = Debug|x64
		Debug|x86 = Debug|x86
		Release|Any CPU = Release|Any CPU
		Release|x64 = Release|x64
		Release|x86 = Release|x86
	EndGlobalSection
	GlobalSection(ProjectConfigurationPlatforms) = postSolution
		{11F228C9-E3FD-4704-8DCF-54A92991E3DA}.Debug|Any CPU.ActiveCfg = Debug|Any CPU
		{11F228C9-E3FD-4704-8DCF-54A92991E3DA}.Debug|Any CPU.Build.0 = Debug|Any CPU
		{11F228C9-E3FD-4704-8DCF-54A92991E3DA}.Debug|x64.ActiveCfg = Debug|Any CPU
		{11F228C9-E3FD-4704-8DCF-54A92991E3DA}.Debug|x64.Build.0 = Debug|Any CPU
		{11F228C9-E3FD-4704-8DCF-54A92991E3DA}.Debug|x86.ActiveCfg = Debug|Any CPU
		{11F228C9-E3FD-4704-8DCF-54A92991E3DA}.Debug|x86.Build.0 = Debug|Any CPU
		{11F228C9-E3FD-4704-8DCF-54A92991E3DA}.Release|Any CPU.ActiveCfg = Release|Any CPU
		{11F228C9-E3FD-4704-8DCF-54A92991E3DA}.Release|Any CPU.Build.0 = Release|Any CPU
		{11F228C9-E3FD-4704-8DCF-54A92991E3DA}.Release|x64.ActiveCfg = Release|Any CPU
		{11F228C9-E3FD-4704-8DCF-54A92991E3DA}.Release|x64.Build.0 = Release|Any CPU
		{11F228C9-E3FD-4704-8DCF-54A92991E3DA}.Release|x86.ActiveCfg = Release|Any CPU
		{11F228C9-E3FD-4704-8DCF-54A92991E3DA}.Release|x86.Build.0 = Release|Any CPU
		{623DD5D0-EC0B-4F9B-9D25-4077AB3F08F2}.Debug|Any CPU.ActiveCfg = Debug|Any CPU
		{623DD5D0-EC0B-4F9B-9D25-4077AB3F08F2}.Debug|Any CPU.Build.0 = Debug|Any CPU
		{623DD5D0-EC0B-4F9B-9D25-4077AB3F08F2}.Debug|x64.ActiveCfg = Debug|Any CPU
		{623DD5D0-EC0B-4F9B-9D25-4077AB3F08F2}.Debug|x64.Build.0 = Debug|Any CPU
		{623DD5D0-EC0B-4F9B-9D25-4077AB3F08F2}.Debug|x86.ActiveCfg = Debug|Any CPU
		{623DD5D0-EC0B-4F9B-9D25-4077AB3F08F2}.Debug|x86.Build.0 = Debug|Any CPU
		{623DD5D0-EC0B-4F9B-9D25-4077AB3F08F2}.Release|Any CPU.ActiveCfg = Release|Any CPU
		{623DD5D0-EC0B-4F9B-9D25-4077AB3F08F2}.Release|Any CPU.Build.0 = Release|Any CPU
		{623DD5D0-EC0B-4F9B-9D25-4077AB3F08F2}.Release|x64.ActiveCfg = Release|Any CPU
		{623DD5D0-EC0B-4F9B-9D25-4077AB3F08F2}.Release|x64.Build.0 = Release|Any CPU
		{623DD5D0-EC0B-4F9B-9D25-4077AB3F08F2}.Release|x86.ActiveCfg = Release|Any CPU
		{623DD5D0-EC0B-4F9B-9D25-4077AB3F08F2}.Release|x86.Build.0 = Release|Any CPU
	EndGlobalSection
	GlobalSection(SolutionProperties) = preSolution
		HideSolutionNode = FALSE
	EndGlobalSection
	GlobalSection(ExtensibilityGlobals) = postSolution
		SolutionGuid = {F9799822-CA2E-44C5-B970-3987B153FD81}
	EndGlobalSection
EndGlobal
